
Microsoft Visual Studio Solution File, Format Version 12.00
# Visual Studio Version 17
VisualStudioVersion = 17.12.35707.178
MinimumVisualStudioVersion = 10.0.40219.1
Project("{FAE04EC0-301F-11D3-BF4B-00C04F79EFBC}") = "Demo01", "Demo01\Demo01.csproj", "{F6F14CAE-B5FB-490E-AE46-49C327974A44}"
EndProject
Project("{FAE04EC0-301F-11D3-BF4B-00C04F79EFBC}") = "Exercice01", "Exercice01\Exercice01.csproj", "{9B926EC8-A0E9-4CBE-90A0-5A07BFC1C494}"
EndProject
Project("{FAE04EC0-301F-11D3-BF4B-00C04F79EFBC}") = "Exercice02-Hotel", "Exercice02-Hotel\Exercice02-Hotel.csproj", "{3C266B98-C69C-4544-BF43-8B3646C020BE}"
EndProject
Global
	GlobalSection(SolutionConfigurationPlatforms) = preSolution
		Debug|Any CPU = Debug|Any CPU
		Release|Any CPU = Release|Any CPU
	EndGlobalSection
	GlobalSection(ProjectConfigurationPlatforms) = postSolution
		{F6F14CAE-B5FB-490E-AE46-49C327974A44}.Debug|Any CPU.ActiveCfg = Debug|Any CPU
		{F6F14CAE-B5FB-490E-AE46-49C327974A44}.Debug|Any CPU.Build.0 = Debug|Any CPU
		{F6F14CAE-B5FB-490E-AE46-49C327974A44}.Release|Any CPU.ActiveCfg = Release|Any CPU
		{F6F14CAE-B5FB-490E-AE46-49C327974A44}.Release|Any CPU.Build.0 = Release|Any CPU
		{9B926EC8-A0E9-4CBE-90A0-5A07BFC1C494}.Debug|Any CPU.ActiveCfg = Debug|Any CPU
		{9B926EC8-A0E9-4CBE-90A0-5A07BFC1C494}.Debug|Any CPU.Build.0 = Debug|Any CPU
		{9B926EC8-A0E9-4CBE-90A0-5A07BFC1C494}.Release|Any CPU.ActiveCfg = Release|Any CPU
		{9B926EC8-A0E9-4CBE-90A0-5A07BFC1C494}.Release|Any CPU.Build.0 = Release|Any CPU
		{3C266B98-C69C-4544-BF43-8B3646C020BE}.Debug|Any CPU.ActiveCfg = Debug|Any CPU
		{3C266B98-C69C-4544-BF43-8B3646C020BE}.Debug|Any CPU.Build.0 = Debug|Any CPU
		{3C266B98-C69C-4544-BF43-8B3646C020BE}.Release|Any CPU.ActiveCfg = Release|Any CPU
		{3C266B98-C69C-4544-BF43-8B3646C020BE}.Release|Any CPU.Build.0 = Release|Any CPU
	EndGlobalSection
	GlobalSection(SolutionProperties) = preSolution
		HideSolutionNode = FALSE
	EndGlobalSection
EndGlobal
