
Microsoft Visual Studio Solution File, Format Version 12.00
# Visual Studio Version 17
VisualStudioVersion = 17.13.35828.75
MinimumVisualStudioVersion = 10.0.40219.1
Project("{FAE04EC0-301F-11D3-BF4B-00C04F79EFBC}") = "Initiation", "Initiation\Initiation.csproj", "{064D122D-E242-4F4D-846D-4C9E2BB6A6D2}"
EndProject
Project("{FAE04EC0-301F-11D3-BF4B-00C04F79EFBC}") = "ExColor", "ExColor\ExColor.csproj", "{C6C5037A-2249-49D3-8A74-1DD788F677F6}"
EndProject
Project("{FAE04EC0-301F-11D3-BF4B-00C04F79EFBC}") = "ExPartageArgent", "ExPartageArgent\ExPartageArgent.csproj", "{FC2D83F2-12AA-4786-BCC0-58F5C996E4C0}"
EndProject
Global
	GlobalSection(SolutionConfigurationPlatforms) = preSolution
		Debug|Any CPU = Debug|Any CPU
		Release|Any CPU = Release|Any CPU
	EndGlobalSection
	GlobalSection(ProjectConfigurationPlatforms) = postSolution
		{064D122D-E242-4F4D-846D-4C9E2BB6A6D2}.Debug|Any CPU.ActiveCfg = Debug|Any CPU
		{064D122D-E242-4F4D-846D-4C9E2BB6A6D2}.Debug|Any CPU.Build.0 = Debug|Any CPU
		{064D122D-E242-4F4D-846D-4C9E2BB6A6D2}.Debug|Any CPU.Deploy.0 = Debug|Any CPU
		{064D122D-E242-4F4D-846D-4C9E2BB6A6D2}.Release|Any CPU.ActiveCfg = Release|Any CPU
		{064D122D-E242-4F4D-846D-4C9E2BB6A6D2}.Release|Any CPU.Build.0 = Release|Any CPU
		{064D122D-E242-4F4D-846D-4C9E2BB6A6D2}.Release|Any CPU.Deploy.0 = Release|Any CPU
		{C6C5037A-2249-49D3-8A74-1DD788F677F6}.Debug|Any CPU.ActiveCfg = Debug|Any CPU
		{C6C5037A-2249-49D3-8A74-1DD788F677F6}.Debug|Any CPU.Build.0 = Debug|Any CPU
		{C6C5037A-2249-49D3-8A74-1DD788F677F6}.Debug|Any CPU.Deploy.0 = Debug|Any CPU
		{C6C5037A-2249-49D3-8A74-1DD788F677F6}.Release|Any CPU.ActiveCfg = Release|Any CPU
		{C6C5037A-2249-49D3-8A74-1DD788F677F6}.Release|Any CPU.Build.0 = Release|Any CPU
		{C6C5037A-2249-49D3-8A74-1DD788F677F6}.Release|Any CPU.Deploy.0 = Release|Any CPU
		{FC2D83F2-12AA-4786-BCC0-58F5C996E4C0}.Debug|Any CPU.ActiveCfg = Debug|Any CPU
		{FC2D83F2-12AA-4786-BCC0-58F5C996E4C0}.Debug|Any CPU.Build.0 = Debug|Any CPU
		{FC2D83F2-12AA-4786-BCC0-58F5C996E4C0}.Debug|Any CPU.Deploy.0 = Debug|Any CPU
		{FC2D83F2-12AA-4786-BCC0-58F5C996E4C0}.Release|Any CPU.ActiveCfg = Release|Any CPU
		{FC2D83F2-12AA-4786-BCC0-58F5C996E4C0}.Release|Any CPU.Build.0 = Release|Any CPU
		{FC2D83F2-12AA-4786-BCC0-58F5C996E4C0}.Release|Any CPU.Deploy.0 = Release|Any CPU
	EndGlobalSection
	GlobalSection(SolutionProperties) = preSolution
		HideSolutionNode = FALSE
	EndGlobalSection
	GlobalSection(ExtensibilityGlobals) = postSolution
		SolutionGuid = {285AB0E7-0EC5-41AA-A67F-89A80004EFF8}
	EndGlobalSection
EndGlobal
