
Microsoft Visual Studio Solution File, Format Version 12.00
# Visual Studio Version 17
VisualStudioVersion = 17.12.35527.113
MinimumVisualStudioVersion = 10.0.40219.1
Project("{FAE04EC0-301F-11D3-BF4B-00C04F79EFBC}") = "Exercice01", ".\Exercice01\Exercice01.csproj", "{91417E87-18B5-4F0D-BC19-D1639471EC82}"
EndProject
Project("{FAE04EC0-301F-11D3-BF4B-00C04F79EFBC}") = "Exercice02_05", ".\Exercice02\Exercice02_05.csproj", "{1946C7BB-44BA-4189-A76D-178B12480138}"
EndProject
Project("{FAE04EC0-301F-11D3-BF4B-00C04F79EFBC}") = "Exercice06", ".\Exercices06_09\Exercice06.csproj", "{8C84E52C-3054-4630-B9ED-ADF77E39E59E}"
EndProject
Project("{FAE04EC0-301F-11D3-BF4B-00C04F79EFBC}") = "Exercice07", ".\Exercice07\Exercice07.csproj", "{A7799832-B73C-4DC8-AD24-82FD3FEE1BE2}"
EndProject
Project("{FAE04EC0-301F-11D3-BF4B-00C04F79EFBC}") = "Exercice08", ".\Exercice08\Exercice08.csproj", "{6DA90D92-2498-4F33-8DD0-3B3BC8E18912}"
EndProject
Project("{FAE04EC0-301F-11D3-BF4B-00C04F79EFBC}") = "Exercice09", ".\Exercice09\Exercice09.csproj", "{0066535B-2265-4F9C-840E-00E17E06DD15}"
EndProject
Project("{FAE04EC0-301F-11D3-BF4B-00C04F79EFBC}") = "Exercice10", ".\Exercice10\Exercice10.csproj", "{F4685245-CB93-4EEC-A6C5-7CC042BC3D6C}"
EndProject
Project("{FAE04EC0-301F-11D3-BF4B-00C04F79EFBC}") = "Exercice11", ".\Exercice11\Exercice11.csproj", "{E8C5686A-F0BE-46BF-9035-E2A8DFA58EF0}"
EndProject
Project("{FAE04EC0-301F-11D3-BF4B-00C04F79EFBC}") = "Exercice12_17", ".\Exercice12\Exercice12_17.csproj", "{CC230FF5-11EB-4B98-8298-F3A57514C369}"
EndProject
Project("{FAE04EC0-301F-11D3-BF4B-00C04F79EFBC}") = "Exercice13", ".\Exercice13\Exercice13.csproj", "{9BCA26F1-072B-4EF6-89C5-F65342F29950}"
EndProject
Project("{FAE04EC0-301F-11D3-BF4B-00C04F79EFBC}") = "Exercice14", ".\Exercice14\Exercice14.csproj", "{AF008D50-DAF1-4D7C-A4AB-56E14496A191}"
EndProject
Project("{FAE04EC0-301F-11D3-BF4B-00C04F79EFBC}") = "Exercice15", ".\Exercice15\Exercice15.csproj", "{9213FAA1-B80A-4FAA-A165-852163DA14C6}"
EndProject
Project("{FAE04EC0-301F-11D3-BF4B-00C04F79EFBC}") = "Exercice16", ".\Exercice16\Exercice16.csproj", "{EEF10CD7-CF31-4A7B-8D6A-44C353629F03}"
EndProject
Project("{FAE04EC0-301F-11D3-BF4B-00C04F79EFBC}") = "Exercice18", ".\Exercice18\Exercice18.csproj", "{4097D213-FE03-4D06-BFE8-0EFD760BEE52}"
EndProject
Project("{FAE04EC0-301F-11D3-BF4B-00C04F79EFBC}") = "Exercice19", ".\Exercice19\Exercice19.csproj", "{3119B549-9C26-495B-9EC4-9F6DC217DC87}"
EndProject
Project("{FAE04EC0-301F-11D3-BF4B-00C04F79EFBC}") = "Exercice20", ".\Exercice20\Exercice20.csproj", "{46305F3D-186B-4DF2-A1EF-27F77225B231}"
EndProject
Project("{FAE04EC0-301F-11D3-BF4B-00C04F79EFBC}") = "Exercice21", ".\Exercice21\Exercice21.csproj", "{A64DC123-C363-4EA2-87FA-5916674E7483}"
EndProject
Project("{FAE04EC0-301F-11D3-BF4B-00C04F79EFBC}") = "Exercice22", ".\Exercice22\Exercice22.csproj", "{9830E1BF-72DB-474F-AB7E-CBCDF2C15CE6}"
EndProject
Project("{FAE04EC0-301F-11D3-BF4B-00C04F79EFBC}") = "Exercice23", ".\Exercice23\Exercice23.csproj", "{72BC47F4-F098-4033-BEFF-2E436DBA023F}"
EndProject
Project("{FAE04EC0-301F-11D3-BF4B-00C04F79EFBC}") = "Exercice24", ".\Exercice24\Exercice24.csproj", "{B006420B-165D-412F-A0D9-813B2671E7B7}"
EndProject
Project("{FAE04EC0-301F-11D3-BF4B-00C04F79EFBC}") = "Exercice25", ".\Exercice25\Exercice25.csproj", "{2DE982FD-92C5-4D83-A3DA-84D9358D083A}"
EndProject
Project("{FAE04EC0-301F-11D3-BF4B-00C04F79EFBC}") = "Exercice26", ".\Exercice26\Exercice26.csproj", "{15314016-6AD3-40D3-8756-B8D7DB10671E}"
EndProject
Project("{FAE04EC0-301F-11D3-BF4B-00C04F79EFBC}") = "Exercice28", "Exercice28\Exercice28.csproj", "{1784452A-4ACA-44BC-8D77-FA65307AADCE}"
EndProject
Project("{FAE04EC0-301F-11D3-BF4B-00C04F79EFBC}") = "Exercice29", "Exercice29\Exercice29.csproj", "{FC775605-540A-42A0-BBB0-20D83C651C8D}"
EndProject
Project("{FAE04EC0-301F-11D3-BF4B-00C04F79EFBC}") = "Exercice30", "Exercice30\Exercice30.csproj", "{12791594-B4E2-408D-A8F6-1E2E6754D9E4}"
EndProject
Project("{FAE04EC0-301F-11D3-BF4B-00C04F79EFBC}") = "Exercice31", "Exercice31\Exercice31.csproj", "{3D8E7B0E-3CD8-493F-9ED4-7189E29C8B9C}"
EndProject
Project("{FAE04EC0-301F-11D3-BF4B-00C04F79EFBC}") = "Exercice32", "Exercice32\Exercice32.csproj", "{D02B2444-06DC-47AE-A764-EB62DEB8C3ED}"
EndProject
Project("{FAE04EC0-301F-11D3-BF4B-00C04F79EFBC}") = "ExerciceFonctions", "ExerciceFonctions\ExerciceFonctions.csproj", "{6678AD75-456F-4511-B1A4-FEE789747D64}"
EndProject
Project("{FAE04EC0-301F-11D3-BF4B-00C04F79EFBC}") = "ExFonctionsADN", "ExFonctionsADN\ExFonctionsADN.csproj", "{018A86B9-DE29-404A-B739-257D1DB4A4B3}"
EndProject
Project("{FAE04EC0-301F-11D3-BF4B-00C04F79EFBC}") = "ExerciceTuple", "ExerciceTuple\ExerciceTuple.csproj", "{A2EB7460-4E1B-491E-82A0-F7F4BED8A67A}"
EndProject
Global
	GlobalSection(SolutionConfigurationPlatforms) = preSolution
		Debug|Any CPU = Debug|Any CPU
		Release|Any CPU = Release|Any CPU
	EndGlobalSection
	GlobalSection(ProjectConfigurationPlatforms) = postSolution
		{91417E87-18B5-4F0D-BC19-D1639471EC82}.Debug|Any CPU.ActiveCfg = Debug|Any CPU
		{91417E87-18B5-4F0D-BC19-D1639471EC82}.Debug|Any CPU.Build.0 = Debug|Any CPU
		{91417E87-18B5-4F0D-BC19-D1639471EC82}.Release|Any CPU.ActiveCfg = Release|Any CPU
		{91417E87-18B5-4F0D-BC19-D1639471EC82}.Release|Any CPU.Build.0 = Release|Any CPU
		{1946C7BB-44BA-4189-A76D-178B12480138}.Debug|Any CPU.ActiveCfg = Debug|Any CPU
		{1946C7BB-44BA-4189-A76D-178B12480138}.Debug|Any CPU.Build.0 = Debug|Any CPU
		{1946C7BB-44BA-4189-A76D-178B12480138}.Release|Any CPU.ActiveCfg = Release|Any CPU
		{1946C7BB-44BA-4189-A76D-178B12480138}.Release|Any CPU.Build.0 = Release|Any CPU
		{8C84E52C-3054-4630-B9ED-ADF77E39E59E}.Debug|Any CPU.ActiveCfg = Debug|Any CPU
		{8C84E52C-3054-4630-B9ED-ADF77E39E59E}.Debug|Any CPU.Build.0 = Debug|Any CPU
		{8C84E52C-3054-4630-B9ED-ADF77E39E59E}.Release|Any CPU.ActiveCfg = Release|Any CPU
		{8C84E52C-3054-4630-B9ED-ADF77E39E59E}.Release|Any CPU.Build.0 = Release|Any CPU
		{A7799832-B73C-4DC8-AD24-82FD3FEE1BE2}.Debug|Any CPU.ActiveCfg = Debug|Any CPU
		{A7799832-B73C-4DC8-AD24-82FD3FEE1BE2}.Debug|Any CPU.Build.0 = Debug|Any CPU
		{A7799832-B73C-4DC8-AD24-82FD3FEE1BE2}.Release|Any CPU.ActiveCfg = Release|Any CPU
		{A7799832-B73C-4DC8-AD24-82FD3FEE1BE2}.Release|Any CPU.Build.0 = Release|Any CPU
		{6DA90D92-2498-4F33-8DD0-3B3BC8E18912}.Debug|Any CPU.ActiveCfg = Debug|Any CPU
		{6DA90D92-2498-4F33-8DD0-3B3BC8E18912}.Debug|Any CPU.Build.0 = Debug|Any CPU
		{6DA90D92-2498-4F33-8DD0-3B3BC8E18912}.Release|Any CPU.ActiveCfg = Release|Any CPU
		{6DA90D92-2498-4F33-8DD0-3B3BC8E18912}.Release|Any CPU.Build.0 = Release|Any CPU
		{0066535B-2265-4F9C-840E-00E17E06DD15}.Debug|Any CPU.ActiveCfg = Debug|Any CPU
		{0066535B-2265-4F9C-840E-00E17E06DD15}.Debug|Any CPU.Build.0 = Debug|Any CPU
		{0066535B-2265-4F9C-840E-00E17E06DD15}.Release|Any CPU.ActiveCfg = Release|Any CPU
		{0066535B-2265-4F9C-840E-00E17E06DD15}.Release|Any CPU.Build.0 = Release|Any CPU
		{F4685245-CB93-4EEC-A6C5-7CC042BC3D6C}.Debug|Any CPU.ActiveCfg = Debug|Any CPU
		{F4685245-CB93-4EEC-A6C5-7CC042BC3D6C}.Debug|Any CPU.Build.0 = Debug|Any CPU
		{F4685245-CB93-4EEC-A6C5-7CC042BC3D6C}.Release|Any CPU.ActiveCfg = Release|Any CPU
		{F4685245-CB93-4EEC-A6C5-7CC042BC3D6C}.Release|Any CPU.Build.0 = Release|Any CPU
		{E8C5686A-F0BE-46BF-9035-E2A8DFA58EF0}.Debug|Any CPU.ActiveCfg = Debug|Any CPU
		{E8C5686A-F0BE-46BF-9035-E2A8DFA58EF0}.Debug|Any CPU.Build.0 = Debug|Any CPU
		{E8C5686A-F0BE-46BF-9035-E2A8DFA58EF0}.Release|Any CPU.ActiveCfg = Release|Any CPU
		{E8C5686A-F0BE-46BF-9035-E2A8DFA58EF0}.Release|Any CPU.Build.0 = Release|Any CPU
		{CC230FF5-11EB-4B98-8298-F3A57514C369}.Debug|Any CPU.ActiveCfg = Debug|Any CPU
		{CC230FF5-11EB-4B98-8298-F3A57514C369}.Debug|Any CPU.Build.0 = Debug|Any CPU
		{CC230FF5-11EB-4B98-8298-F3A57514C369}.Release|Any CPU.ActiveCfg = Release|Any CPU
		{CC230FF5-11EB-4B98-8298-F3A57514C369}.Release|Any CPU.Build.0 = Release|Any CPU
		{9BCA26F1-072B-4EF6-89C5-F65342F29950}.Debug|Any CPU.ActiveCfg = Debug|Any CPU
		{9BCA26F1-072B-4EF6-89C5-F65342F29950}.Debug|Any CPU.Build.0 = Debug|Any CPU
		{9BCA26F1-072B-4EF6-89C5-F65342F29950}.Release|Any CPU.ActiveCfg = Release|Any CPU
		{9BCA26F1-072B-4EF6-89C5-F65342F29950}.Release|Any CPU.Build.0 = Release|Any CPU
		{AF008D50-DAF1-4D7C-A4AB-56E14496A191}.Debug|Any CPU.ActiveCfg = Debug|Any CPU
		{AF008D50-DAF1-4D7C-A4AB-56E14496A191}.Debug|Any CPU.Build.0 = Debug|Any CPU
		{AF008D50-DAF1-4D7C-A4AB-56E14496A191}.Release|Any CPU.ActiveCfg = Release|Any CPU
		{AF008D50-DAF1-4D7C-A4AB-56E14496A191}.Release|Any CPU.Build.0 = Release|Any CPU
		{9213FAA1-B80A-4FAA-A165-852163DA14C6}.Debug|Any CPU.ActiveCfg = Debug|Any CPU
		{9213FAA1-B80A-4FAA-A165-852163DA14C6}.Debug|Any CPU.Build.0 = Debug|Any CPU
		{9213FAA1-B80A-4FAA-A165-852163DA14C6}.Release|Any CPU.ActiveCfg = Release|Any CPU
		{9213FAA1-B80A-4FAA-A165-852163DA14C6}.Release|Any CPU.Build.0 = Release|Any CPU
		{EEF10CD7-CF31-4A7B-8D6A-44C353629F03}.Debug|Any CPU.ActiveCfg = Debug|Any CPU
		{EEF10CD7-CF31-4A7B-8D6A-44C353629F03}.Debug|Any CPU.Build.0 = Debug|Any CPU
		{EEF10CD7-CF31-4A7B-8D6A-44C353629F03}.Release|Any CPU.ActiveCfg = Release|Any CPU
		{EEF10CD7-CF31-4A7B-8D6A-44C353629F03}.Release|Any CPU.Build.0 = Release|Any CPU
		{4097D213-FE03-4D06-BFE8-0EFD760BEE52}.Debug|Any CPU.ActiveCfg = Debug|Any CPU
		{4097D213-FE03-4D06-BFE8-0EFD760BEE52}.Debug|Any CPU.Build.0 = Debug|Any CPU
		{4097D213-FE03-4D06-BFE8-0EFD760BEE52}.Release|Any CPU.ActiveCfg = Release|Any CPU
		{4097D213-FE03-4D06-BFE8-0EFD760BEE52}.Release|Any CPU.Build.0 = Release|Any CPU
		{3119B549-9C26-495B-9EC4-9F6DC217DC87}.Debug|Any CPU.ActiveCfg = Debug|Any CPU
		{3119B549-9C26-495B-9EC4-9F6DC217DC87}.Debug|Any CPU.Build.0 = Debug|Any CPU
		{3119B549-9C26-495B-9EC4-9F6DC217DC87}.Release|Any CPU.ActiveCfg = Release|Any CPU
		{3119B549-9C26-495B-9EC4-9F6DC217DC87}.Release|Any CPU.Build.0 = Release|Any CPU
		{46305F3D-186B-4DF2-A1EF-27F77225B231}.Debug|Any CPU.ActiveCfg = Debug|Any CPU
		{46305F3D-186B-4DF2-A1EF-27F77225B231}.Debug|Any CPU.Build.0 = Debug|Any CPU
		{46305F3D-186B-4DF2-A1EF-27F77225B231}.Release|Any CPU.ActiveCfg = Release|Any CPU
		{46305F3D-186B-4DF2-A1EF-27F77225B231}.Release|Any CPU.Build.0 = Release|Any CPU
		{A64DC123-C363-4EA2-87FA-5916674E7483}.Debug|Any CPU.ActiveCfg = Debug|Any CPU
		{A64DC123-C363-4EA2-87FA-5916674E7483}.Debug|Any CPU.Build.0 = Debug|Any CPU
		{A64DC123-C363-4EA2-87FA-5916674E7483}.Release|Any CPU.ActiveCfg = Release|Any CPU
		{A64DC123-C363-4EA2-87FA-5916674E7483}.Release|Any CPU.Build.0 = Release|Any CPU
		{9830E1BF-72DB-474F-AB7E-CBCDF2C15CE6}.Debug|Any CPU.ActiveCfg = Debug|Any CPU
		{9830E1BF-72DB-474F-AB7E-CBCDF2C15CE6}.Debug|Any CPU.Build.0 = Debug|Any CPU
		{9830E1BF-72DB-474F-AB7E-CBCDF2C15CE6}.Release|Any CPU.ActiveCfg = Release|Any CPU
		{9830E1BF-72DB-474F-AB7E-CBCDF2C15CE6}.Release|Any CPU.Build.0 = Release|Any CPU
		{72BC47F4-F098-4033-BEFF-2E436DBA023F}.Debug|Any CPU.ActiveCfg = Debug|Any CPU
		{72BC47F4-F098-4033-BEFF-2E436DBA023F}.Debug|Any CPU.Build.0 = Debug|Any CPU
		{72BC47F4-F098-4033-BEFF-2E436DBA023F}.Release|Any CPU.ActiveCfg = Release|Any CPU
		{72BC47F4-F098-4033-BEFF-2E436DBA023F}.Release|Any CPU.Build.0 = Release|Any CPU
		{B006420B-165D-412F-A0D9-813B2671E7B7}.Debug|Any CPU.ActiveCfg = Debug|Any CPU
		{B006420B-165D-412F-A0D9-813B2671E7B7}.Debug|Any CPU.Build.0 = Debug|Any CPU
		{B006420B-165D-412F-A0D9-813B2671E7B7}.Release|Any CPU.ActiveCfg = Release|Any CPU
		{B006420B-165D-412F-A0D9-813B2671E7B7}.Release|Any CPU.Build.0 = Release|Any CPU
		{2DE982FD-92C5-4D83-A3DA-84D9358D083A}.Debug|Any CPU.ActiveCfg = Debug|Any CPU
		{2DE982FD-92C5-4D83-A3DA-84D9358D083A}.Debug|Any CPU.Build.0 = Debug|Any CPU
		{2DE982FD-92C5-4D83-A3DA-84D9358D083A}.Release|Any CPU.ActiveCfg = Release|Any CPU
		{2DE982FD-92C5-4D83-A3DA-84D9358D083A}.Release|Any CPU.Build.0 = Release|Any CPU
		{15314016-6AD3-40D3-8756-B8D7DB10671E}.Debug|Any CPU.ActiveCfg = Debug|Any CPU
		{15314016-6AD3-40D3-8756-B8D7DB10671E}.Debug|Any CPU.Build.0 = Debug|Any CPU
		{15314016-6AD3-40D3-8756-B8D7DB10671E}.Release|Any CPU.ActiveCfg = Release|Any CPU
		{15314016-6AD3-40D3-8756-B8D7DB10671E}.Release|Any CPU.Build.0 = Release|Any CPU
		{1784452A-4ACA-44BC-8D77-FA65307AADCE}.Debug|Any CPU.ActiveCfg = Debug|Any CPU
		{1784452A-4ACA-44BC-8D77-FA65307AADCE}.Debug|Any CPU.Build.0 = Debug|Any CPU
		{1784452A-4ACA-44BC-8D77-FA65307AADCE}.Release|Any CPU.ActiveCfg = Release|Any CPU
		{1784452A-4ACA-44BC-8D77-FA65307AADCE}.Release|Any CPU.Build.0 = Release|Any CPU
		{FC775605-540A-42A0-BBB0-20D83C651C8D}.Debug|Any CPU.ActiveCfg = Debug|Any CPU
		{FC775605-540A-42A0-BBB0-20D83C651C8D}.Debug|Any CPU.Build.0 = Debug|Any CPU
		{FC775605-540A-42A0-BBB0-20D83C651C8D}.Release|Any CPU.ActiveCfg = Release|Any CPU
		{FC775605-540A-42A0-BBB0-20D83C651C8D}.Release|Any CPU.Build.0 = Release|Any CPU
		{12791594-B4E2-408D-A8F6-1E2E6754D9E4}.Debug|Any CPU.ActiveCfg = Debug|Any CPU
		{12791594-B4E2-408D-A8F6-1E2E6754D9E4}.Debug|Any CPU.Build.0 = Debug|Any CPU
		{12791594-B4E2-408D-A8F6-1E2E6754D9E4}.Release|Any CPU.ActiveCfg = Release|Any CPU
		{12791594-B4E2-408D-A8F6-1E2E6754D9E4}.Release|Any CPU.Build.0 = Release|Any CPU
		{3D8E7B0E-3CD8-493F-9ED4-7189E29C8B9C}.Debug|Any CPU.ActiveCfg = Debug|Any CPU
		{3D8E7B0E-3CD8-493F-9ED4-7189E29C8B9C}.Debug|Any CPU.Build.0 = Debug|Any CPU
		{3D8E7B0E-3CD8-493F-9ED4-7189E29C8B9C}.Release|Any CPU.ActiveCfg = Release|Any CPU
		{3D8E7B0E-3CD8-493F-9ED4-7189E29C8B9C}.Release|Any CPU.Build.0 = Release|Any CPU
		{D02B2444-06DC-47AE-A764-EB62DEB8C3ED}.Debug|Any CPU.ActiveCfg = Debug|Any CPU
		{D02B2444-06DC-47AE-A764-EB62DEB8C3ED}.Debug|Any CPU.Build.0 = Debug|Any CPU
		{D02B2444-06DC-47AE-A764-EB62DEB8C3ED}.Release|Any CPU.ActiveCfg = Release|Any CPU
		{D02B2444-06DC-47AE-A764-EB62DEB8C3ED}.Release|Any CPU.Build.0 = Release|Any CPU
		{6678AD75-456F-4511-B1A4-FEE789747D64}.Debug|Any CPU.ActiveCfg = Debug|Any CPU
		{6678AD75-456F-4511-B1A4-FEE789747D64}.Debug|Any CPU.Build.0 = Debug|Any CPU
		{6678AD75-456F-4511-B1A4-FEE789747D64}.Release|Any CPU.ActiveCfg = Release|Any CPU
		{6678AD75-456F-4511-B1A4-FEE789747D64}.Release|Any CPU.Build.0 = Release|Any CPU
		{018A86B9-DE29-404A-B739-257D1DB4A4B3}.Debug|Any CPU.ActiveCfg = Debug|Any CPU
		{018A86B9-DE29-404A-B739-257D1DB4A4B3}.Debug|Any CPU.Build.0 = Debug|Any CPU
		{018A86B9-DE29-404A-B739-257D1DB4A4B3}.Release|Any CPU.ActiveCfg = Release|Any CPU
		{018A86B9-DE29-404A-B739-257D1DB4A4B3}.Release|Any CPU.Build.0 = Release|Any CPU
		{A2EB7460-4E1B-491E-82A0-F7F4BED8A67A}.Debug|Any CPU.ActiveCfg = Debug|Any CPU
		{A2EB7460-4E1B-491E-82A0-F7F4BED8A67A}.Debug|Any CPU.Build.0 = Debug|Any CPU
		{A2EB7460-4E1B-491E-82A0-F7F4BED8A67A}.Release|Any CPU.ActiveCfg = Release|Any CPU
		{A2EB7460-4E1B-491E-82A0-F7F4BED8A67A}.Release|Any CPU.Build.0 = Release|Any CPU
	EndGlobalSection
	GlobalSection(SolutionProperties) = preSolution
		HideSolutionNode = FALSE
	EndGlobalSection
EndGlobal
