
Microsoft Visual Studio Solution File, Format Version 12.00
# Visual Studio Version 17
VisualStudioVersion = 17.12.35707.178 d17.12
MinimumVisualStudioVersion = 10.0.40219.1
Project("{FAE04EC0-301F-11D3-BF4B-00C04F79EFBC}") = "Demo01", "Demo01\Demo01.csproj", "{8FB91962-0C6C-47D1-899D-4F38D040665F}"
EndProject
Project("{FAE04EC0-301F-11D3-BF4B-00C04F79EFBC}") = "Exercice04", "Exercice04\Exercice04.csproj", "{E9150D1E-5A21-4687-8BAF-4B44185ECAE1}"
EndProject
Project("{FAE04EC0-301F-11D3-BF4B-00C04F79EFBC}") = "Exercice05", "Exercice05\Exercice05.csproj", "{862B1C26-0BCF-4FBC-B88F-DD02AA6C76B0}"
EndProject
Project("{FAE04EC0-301F-11D3-BF4B-00C04F79EFBC}") = "Exercice06", "Exercice06\Exercice06.csproj", "{9A67593D-905E-457E-A222-9B725C082B32}"
EndProject
Global
	GlobalSection(SolutionConfigurationPlatforms) = preSolution
		Debug|Any CPU = Debug|Any CPU
		Release|Any CPU = Release|Any CPU
	EndGlobalSection
	GlobalSection(ProjectConfigurationPlatforms) = postSolution
		{8FB91962-0C6C-47D1-899D-4F38D040665F}.Debug|Any CPU.ActiveCfg = Debug|Any CPU
		{8FB91962-0C6C-47D1-899D-4F38D040665F}.Debug|Any CPU.Build.0 = Debug|Any CPU
		{8FB91962-0C6C-47D1-899D-4F38D040665F}.Release|Any CPU.ActiveCfg = Release|Any CPU
		{8FB91962-0C6C-47D1-899D-4F38D040665F}.Release|Any CPU.Build.0 = Release|Any CPU
		{E9150D1E-5A21-4687-8BAF-4B44185ECAE1}.Debug|Any CPU.ActiveCfg = Debug|Any CPU
		{E9150D1E-5A21-4687-8BAF-4B44185ECAE1}.Debug|Any CPU.Build.0 = Debug|Any CPU
		{E9150D1E-5A21-4687-8BAF-4B44185ECAE1}.Release|Any CPU.ActiveCfg = Release|Any CPU
		{E9150D1E-5A21-4687-8BAF-4B44185ECAE1}.Release|Any CPU.Build.0 = Release|Any CPU
		{862B1C26-0BCF-4FBC-B88F-DD02AA6C76B0}.Debug|Any CPU.ActiveCfg = Debug|Any CPU
		{862B1C26-0BCF-4FBC-B88F-DD02AA6C76B0}.Debug|Any CPU.Build.0 = Debug|Any CPU
		{862B1C26-0BCF-4FBC-B88F-DD02AA6C76B0}.Release|Any CPU.ActiveCfg = Release|Any CPU
		{862B1C26-0BCF-4FBC-B88F-DD02AA6C76B0}.Release|Any CPU.Build.0 = Release|Any CPU
		{9A67593D-905E-457E-A222-9B725C082B32}.Debug|Any CPU.ActiveCfg = Debug|Any CPU
		{9A67593D-905E-457E-A222-9B725C082B32}.Debug|Any CPU.Build.0 = Debug|Any CPU
		{9A67593D-905E-457E-A222-9B725C082B32}.Release|Any CPU.ActiveCfg = Release|Any CPU
		{9A67593D-905E-457E-A222-9B725C082B32}.Release|Any CPU.Build.0 = Release|Any CPU
	EndGlobalSection
	GlobalSection(SolutionProperties) = preSolution
		HideSolutionNode = FALSE
	EndGlobalSection
EndGlobal
